
Microsoft Visual Studio Solution File, Format Version 12.00
# Visual Studio Version 16
VisualStudioVersion = 16.0.31105.61
MinimumVisualStudioVersion = 10.0.40219.1
Project("{FAE04EC0-301F-11D3-BF4B-00C04F79EFBC}") = "ImageSharePassword.Web", "ImageSharePassword.Web\ImageSharePassword.Web.csproj", "{824E6346-7438-4811-B911-C62E10B35B6B}"
EndProject
Project("{FAE04EC0-301F-11D3-BF4B-00C04F79EFBC}") = "ImageSharePassword.Data", "ImageSharePassword.Data\ImageSharePassword.Data.csproj", "{1F875953-24BA-4F36-A231-1543458E065A}"
EndProject
Global
	GlobalSection(SolutionConfigurationPlatforms) = preSolution
		Debug|Any CPU = Debug|Any CPU
		Release|Any CPU = Release|Any CPU
	EndGlobalSection
	GlobalSection(ProjectConfigurationPlatforms) = postSolution
		{824E6346-7438-4811-B911-C62E10B35B6B}.Debug|Any CPU.ActiveCfg = Debug|Any CPU
		{824E6346-7438-4811-B911-C62E10B35B6B}.Debug|Any CPU.Build.0 = Debug|Any CPU
		{824E6346-7438-4811-B911-C62E10B35B6B}.Release|Any CPU.ActiveCfg = Release|Any CPU
		{824E6346-7438-4811-B911-C62E10B35B6B}.Release|Any CPU.Build.0 = Release|Any CPU
		{1F875953-24BA-4F36-A231-1543458E065A}.Debug|Any CPU.ActiveCfg = Debug|Any CPU
		{1F875953-24BA-4F36-A231-1543458E065A}.Debug|Any CPU.Build.0 = Debug|Any CPU
		{1F875953-24BA-4F36-A231-1543458E065A}.Release|Any CPU.ActiveCfg = Release|Any CPU
		{1F875953-24BA-4F36-A231-1543458E065A}.Release|Any CPU.Build.0 = Release|Any CPU
	EndGlobalSection
	GlobalSection(SolutionProperties) = preSolution
		HideSolutionNode = FALSE
	EndGlobalSection
	GlobalSection(ExtensibilityGlobals) = postSolution
		SolutionGuid = {A45CC32B-EC79-4BAC-9004-E4B1B8A5E2A3}
	EndGlobalSection
EndGlobal
